# This file is automatically @generated by Poetry and should not be changed by hand.

[[package]]
name = "pycairo"
version = "1.18.2"
description = "Python interface for cairo"
category = "main"
optional = false
python-versions = "*"
files = [
    {file = "pycairo-1.18.2.tar.gz", hash = "sha256:dcb853fd020729516e8828ad364084e752327d4cff8505d20b13504b32b16531"},
]

[[package]]
name = "pygobject"
version = "3.32.1"
description = "Python bindings for GObject Introspection"
category = "main"
optional = false
python-versions = "*"
files = [
    {file = "PyGObject-3.32.1.tar.gz", hash = "sha256:4165d9fb4157e69c76f29e52a6d73a39a804e18ad9ef0eede15efd9c57c52bf2"},
]

[package.dependencies]
pycairo = ">=1.11.1"

[metadata]
lock-version = "2.0"
python-versions = ">=3.6"
content-hash = "f12979dc8f036399efae78b5a0703948f3526bbbaa7aa655b7dc8726e2ea696f"
